
Microsoft Visual Studio Solution File, Format Version 12.00
# Visual Studio 15
VisualStudioVersion = 15.0.27004.2002
MinimumVisualStudioVersion = 10.0.40219.1
Project("{FAE04EC0-301F-11D3-BF4B-00C04F79EFBC}") = "01数组练习", "01数组练习\01数组练习.csproj", "{39F5E8AA-91FD-4220-9F4A-5C69323C1CA6}"
EndProject
Project("{FAE04EC0-301F-11D3-BF4B-00C04F79EFBC}") = "02冒泡排序练习", "02冒泡排序练习\02冒泡排序练习.csproj", "{4D343CC9-FCFC-46FD-B463-E9F2E570E043}"
EndProject
Project("{FAE04EC0-301F-11D3-BF4B-00C04F79EFBC}") = "03方法的学习", "03方法的学习\03方法的学习.csproj", "{343F62D9-6A4D-4780-9064-77427365C8C9}"
EndProject
Project("{FAE04EC0-301F-11D3-BF4B-00C04F79EFBC}") = "04out的学习", "04out的学习\04out的学习.csproj", "{46FA2973-86A4-4749-88FD-BE2A1E063CCF}"
EndProject
Project("{FAE04EC0-301F-11D3-BF4B-00C04F79EFBC}") = "05ref的学习", "05ref的学习\05ref的学习.csproj", "{0C304FF7-3B5C-4040-A0F8-0C8DB93BEFB9}"
EndProject
Global
	GlobalSection(SolutionConfigurationPlatforms) = preSolution
		Debug|Any CPU = Debug|Any CPU
		Release|Any CPU = Release|Any CPU
	EndGlobalSection
	GlobalSection(ProjectConfigurationPlatforms) = postSolution
		{39F5E8AA-91FD-4220-9F4A-5C69323C1CA6}.Debug|Any CPU.ActiveCfg = Debug|Any CPU
		{39F5E8AA-91FD-4220-9F4A-5C69323C1CA6}.Debug|Any CPU.Build.0 = Debug|Any CPU
		{39F5E8AA-91FD-4220-9F4A-5C69323C1CA6}.Release|Any CPU.ActiveCfg = Release|Any CPU
		{39F5E8AA-91FD-4220-9F4A-5C69323C1CA6}.Release|Any CPU.Build.0 = Release|Any CPU
		{4D343CC9-FCFC-46FD-B463-E9F2E570E043}.Debug|Any CPU.ActiveCfg = Debug|Any CPU
		{4D343CC9-FCFC-46FD-B463-E9F2E570E043}.Debug|Any CPU.Build.0 = Debug|Any CPU
		{4D343CC9-FCFC-46FD-B463-E9F2E570E043}.Release|Any CPU.ActiveCfg = Release|Any CPU
		{4D343CC9-FCFC-46FD-B463-E9F2E570E043}.Release|Any CPU.Build.0 = Release|Any CPU
		{343F62D9-6A4D-4780-9064-77427365C8C9}.Debug|Any CPU.ActiveCfg = Debug|Any CPU
		{343F62D9-6A4D-4780-9064-77427365C8C9}.Debug|Any CPU.Build.0 = Debug|Any CPU
		{343F62D9-6A4D-4780-9064-77427365C8C9}.Release|Any CPU.ActiveCfg = Release|Any CPU
		{343F62D9-6A4D-4780-9064-77427365C8C9}.Release|Any CPU.Build.0 = Release|Any CPU
		{46FA2973-86A4-4749-88FD-BE2A1E063CCF}.Debug|Any CPU.ActiveCfg = Debug|Any CPU
		{46FA2973-86A4-4749-88FD-BE2A1E063CCF}.Debug|Any CPU.Build.0 = Debug|Any CPU
		{46FA2973-86A4-4749-88FD-BE2A1E063CCF}.Release|Any CPU.ActiveCfg = Release|Any CPU
		{46FA2973-86A4-4749-88FD-BE2A1E063CCF}.Release|Any CPU.Build.0 = Release|Any CPU
		{0C304FF7-3B5C-4040-A0F8-0C8DB93BEFB9}.Debug|Any CPU.ActiveCfg = Debug|Any CPU
		{0C304FF7-3B5C-4040-A0F8-0C8DB93BEFB9}.Debug|Any CPU.Build.0 = Debug|Any CPU
		{0C304FF7-3B5C-4040-A0F8-0C8DB93BEFB9}.Release|Any CPU.ActiveCfg = Release|Any CPU
		{0C304FF7-3B5C-4040-A0F8-0C8DB93BEFB9}.Release|Any CPU.Build.0 = Release|Any CPU
	EndGlobalSection
	GlobalSection(SolutionProperties) = preSolution
		HideSolutionNode = FALSE
	EndGlobalSection
	GlobalSection(ExtensibilityGlobals) = postSolution
		SolutionGuid = {E53D0DA2-E7F3-4D46-B751-B18FFDA0FF02}
	EndGlobalSection
EndGlobal
